
Microsoft Visual Studio Solution File, Format Version 12.00
# Visual Studio Version 17
VisualStudioVersion = 17.11.35303.130
MinimumVisualStudioVersion = 10.0.40219.1
Project("{FAE04EC0-301F-11D3-BF4B-00C04F79EFBC}") = "EjerciciosPOO", "EjerciciosPOO\EjerciciosPOO.csproj", "{CAD4E157-C107-40F8-A68F-62D3FBED95EE}"
EndProject
Global
	GlobalSection(SolutionConfigurationPlatforms) = preSolution
		Debug|Any CPU = Debug|Any CPU
		Release|Any CPU = Release|Any CPU
	EndGlobalSection
	GlobalSection(ProjectConfigurationPlatforms) = postSolution
		{CAD4E157-C107-40F8-A68F-62D3FBED95EE}.Debug|Any CPU.ActiveCfg = Debug|Any CPU
		{CAD4E157-C107-40F8-A68F-62D3FBED95EE}.Debug|Any CPU.Build.0 = Debug|Any CPU
		{CAD4E157-C107-40F8-A68F-62D3FBED95EE}.Release|Any CPU.ActiveCfg = Release|Any CPU
		{CAD4E157-C107-40F8-A68F-62D3FBED95EE}.Release|Any CPU.Build.0 = Release|Any CPU
	EndGlobalSection
	GlobalSection(SolutionProperties) = preSolution
		HideSolutionNode = FALSE
	EndGlobalSection
	GlobalSection(ExtensibilityGlobals) = postSolution
		SolutionGuid = {0B729C6D-1D53-45AE-B358-D79E335AA00B}
	EndGlobalSection
EndGlobal
